
Microsoft Visual Studio Solution File, Format Version 12.00
# Visual Studio 15
VisualStudioVersion = 15.0.28307.1525
MinimumVisualStudioVersion = 10.0.40219.1
Project("{FAE04EC0-301F-11D3-BF4B-00C04F79EFBC}") = "GDCITTechnicalAssignment", "GDCITTechnicalAssignment\GDCITTechnicalAssignment.csproj", "{F130AC3A-5B84-48A2-B392-C02112A67885}"
EndProject
Global
	GlobalSection(SolutionConfigurationPlatforms) = preSolution
		Debug|Any CPU = Debug|Any CPU
		Release|Any CPU = Release|Any CPU
	EndGlobalSection
	GlobalSection(ProjectConfigurationPlatforms) = postSolution
		{F130AC3A-5B84-48A2-B392-C02112A67885}.Debug|Any CPU.ActiveCfg = Debug|Any CPU
		{F130AC3A-5B84-48A2-B392-C02112A67885}.Debug|Any CPU.Build.0 = Debug|Any CPU
		{F130AC3A-5B84-48A2-B392-C02112A67885}.Release|Any CPU.ActiveCfg = Release|Any CPU
		{F130AC3A-5B84-48A2-B392-C02112A67885}.Release|Any CPU.Build.0 = Release|Any CPU
	EndGlobalSection
	GlobalSection(SolutionProperties) = preSolution
		HideSolutionNode = FALSE
	EndGlobalSection
	GlobalSection(ExtensibilityGlobals) = postSolution
		SolutionGuid = {06AC42A6-6512-414E-B6B1-D5377D19802F}
	EndGlobalSection
EndGlobal
